#
# This file is autogenerated by pip-compile with Python 3.13
# by the following command:
#
#    pip-compile --generate-hashes --output-file=dial/requirements.lock --strip-extras dial/requirements.txt
#
colorzero==2.0 \
    --hash=sha256:0e60d743a6b8071498a56465f7719c96a5e92928f858bab1be2a0d606c9aa0f8 \
    --hash=sha256:e7d5a5c26cd0dc37b164ebefc609f388de24f8593b659191e12d85f8f9d5eb58
    # via gpiozero
gpiozero==2.0.1 \
    --hash=sha256:8f621de357171d574c0b7ea0e358cb66e560818a47b0eeedf41ce1cdbd20c70b \
    --hash=sha256:d4ea1952689ec7e331f9d4ebc9adb15f1d01c2c9dcfabb72e752c9869ab7e97e
    # via -r dial/requirements.txt

# WARNING: The following packages were not pinned, but pip requires them to be
# pinned when the requirements file includes hashes and the requirement is not
# satisfied by a package already installed. Consider using the --allow-unsafe flag.
# setuptools
